
Microsoft Visual Studio Solution File, Format Version 12.00
# Visual Studio Version 17
VisualStudioVersion = 17.14.36518.9 d17.14
MinimumVisualStudioVersion = 10.0.40219.1
Project("{FAE04EC0-301F-11D3-BF4B-00C04F79EFBC}") = "Lab Portion - Section 2 Exam", "Lab Portion - Section 2 Exam\Lab Portion - Section 2 Exam.csproj", "{0BB64C64-2758-4E0F-9367-C0EA091F504B}"
EndProject
Global
	GlobalSection(SolutionConfigurationPlatforms) = preSolution
		Debug|Any CPU = Debug|Any CPU
		Release|Any CPU = Release|Any CPU
	EndGlobalSection
	GlobalSection(ProjectConfigurationPlatforms) = postSolution
		{0BB64C64-2758-4E0F-9367-C0EA091F504B}.Debug|Any CPU.ActiveCfg = Debug|Any CPU
		{0BB64C64-2758-4E0F-9367-C0EA091F504B}.Debug|Any CPU.Build.0 = Debug|Any CPU
		{0BB64C64-2758-4E0F-9367-C0EA091F504B}.Release|Any CPU.ActiveCfg = Release|Any CPU
		{0BB64C64-2758-4E0F-9367-C0EA091F504B}.Release|Any CPU.Build.0 = Release|Any CPU
	EndGlobalSection
	GlobalSection(SolutionProperties) = preSolution
		HideSolutionNode = FALSE
	EndGlobalSection
	GlobalSection(ExtensibilityGlobals) = postSolution
		SolutionGuid = {A3E61CB2-B345-4A3F-8E45-418A02B72A54}
	EndGlobalSection
EndGlobal
